// !$*UTF8*$!
{
	archiveVersion = 1;
	classes = {
	};
	objectVersion = 50;
	objects = {

/* Begin PBXBuildFile section */
		177615312227F02B00387F9B /* AppDelegate.swift in Sources */ = {isa = PBXBuildFile; fileRef = 177615302227F02B00387F9B /* AppDelegate.swift */; };
		177615332227F02B00387F9B /* XyloPhoneMasterViewController.swift in Sources */ = {isa = PBXBuildFile; fileRef = 177615322227F02B00387F9B /* XyloPhoneMasterViewController.swift */; };
		177615362227F02B00387F9B /* Main.storyboard in Resources */ = {isa = PBXBuildFile; fileRef = 177615342227F02B00387F9B /* Main.storyboard */; };
		177615382227F02F00387F9B /* Assets.xcassets in Resources */ = {isa = PBXBuildFile; fileRef = 177615372227F02F00387F9B /* Assets.xcassets */; };
		1776153B2227F02F00387F9B /* LaunchScreen.storyboard in Resources */ = {isa = PBXBuildFile; fileRef = 177615392227F02F00387F9B /* LaunchScreen.storyboard */; };
		1776154A2227F0FE00387F9B /* note4.wav in Resources */ = {isa = PBXBuildFile; fileRef = 177615432227F0FE00387F9B /* note4.wav */; };
		1776154B2227F0FE00387F9B /* note2.wav in Resources */ = {isa = PBXBuildFile; fileRef = 177615442227F0FE00387F9B /* note2.wav */; };
		1776154C2227F0FE00387F9B /* note3.wav in Resources */ = {isa = PBXBuildFile; fileRef = 177615452227F0FE00387F9B /* note3.wav */; };
		1776154D2227F0FE00387F9B /* note7.wav in Resources */ = {isa = PBXBuildFile; fileRef = 177615462227F0FE00387F9B /* note7.wav */; };
		1776154E2227F0FE00387F9B /* note5.wav in Resources */ = {isa = PBXBuildFile; fileRef = 177615472227F0FE00387F9B /* note5.wav */; };
		1776154F2227F0FE00387F9B /* note6.wav in Resources */ = {isa = PBXBuildFile; fileRef = 177615482227F0FE00387F9B /* note6.wav */; };
		177615502227F0FE00387F9B /* note1.wav in Resources */ = {isa = PBXBuildFile; fileRef = 177615492227F0FE00387F9B /* note1.wav */; };
/* End PBXBuildFile section */

/* Begin PBXFileReference section */
		1776152D2227F02B00387F9B /* XyloPhone Master.app */ = {isa = PBXFileReference; explicitFileType = wrapper.application; includeInIndex = 0; path = "XyloPhone Master.app"; sourceTree = BUILT_PRODUCTS_DIR; };
		177615302227F02B00387F9B /* AppDelegate.swift */ = {isa = PBXFileReference; lastKnownFileType = sourcecode.swift; path = AppDelegate.swift; sourceTree = "<group>"; };
		177615322227F02B00387F9B /* XyloPhoneMasterViewController.swift */ = {isa = PBXFileReference; lastKnownFileType = sourcecode.swift; path = XyloPhoneMasterViewController.swift; sourceTree = "<group>"; };
		177615352227F02B00387F9B /* Base */ = {isa = PBXFileReference; lastKnownFileType = file.storyboard; name = Base; path = Base.lproj/Main.storyboard; sourceTree = "<group>"; };
		177615372227F02F00387F9B /* Assets.xcassets */ = {isa = PBXFileReference; lastKnownFileType = folder.assetcatalog; path = Assets.xcassets; sourceTree = "<group>"; };
		1776153A2227F02F00387F9B /* Base */ = {isa = PBXFileReference; lastKnownFileType = file.storyboard; name = Base; path = Base.lproj/LaunchScreen.storyboard; sourceTree = "<group>"; };
		1776153C2227F02F00387F9B /* Info.plist */ = {isa = PBXFileReference; lastKnownFileType = text.plist.xml; path = Info.plist; sourceTree = "<group>"; };
		177615432227F0FE00387F9B /* note4.wav */ = {isa = PBXFileReference; lastKnownFileType = audio.wav; path = note4.wav; sourceTree = "<group>"; };
		177615442227F0FE00387F9B /* note2.wav */ = {isa = PBXFileReference; lastKnownFileType = audio.wav; path = note2.wav; sourceTree = "<group>"; };
		177615452227F0FE00387F9B /* note3.wav */ = {isa = PBXFileReference; lastKnownFileType = audio.wav; path = note3.wav; sourceTree = "<group>"; };
		177615462227F0FE00387F9B /* note7.wav */ = {isa = PBXFileReference; lastKnownFileType = audio.wav; path = note7.wav; sourceTree = "<group>"; };
		177615472227F0FE00387F9B /* note5.wav */ = {isa = PBXFileReference; lastKnownFileType = audio.wav; path = note5.wav; sourceTree = "<group>"; };
		177615482227F0FE00387F9B /* note6.wav */ = {isa = PBXFileReference; lastKnownFileType = audio.wav; path = note6.wav; sourceTree = "<group>"; };
		177615492227F0FE00387F9B /* note1.wav */ = {isa = PBXFileReference; lastKnownFileType = audio.wav; path = note1.wav; sourceTree = "<group>"; };
/* End PBXFileReference section */

/* Begin PBXFrameworksBuildPhase section */
		1776152A2227F02B00387F9B /* Frameworks */ = {
			isa = PBXFrameworksBuildPhase;
			buildActionMask = 2147483647;
			files = (
			);
			runOnlyForDeploymentPostprocessing = 0;
		};
/* End PBXFrameworksBuildPhase section */

/* Begin PBXGroup section */
		177615242227F02B00387F9B = {
			isa = PBXGroup;
			children = (
				1776152F2227F02B00387F9B /* XyloPhone Master */,
				177615422227F0D600387F9B /* Sound Files */,
				1776152E2227F02B00387F9B /* Products */,
			);
			sourceTree = "<group>";
		};
		1776152E2227F02B00387F9B /* Products */ = {
			isa = PBXGroup;
			children = (
				1776152D2227F02B00387F9B /* XyloPhone Master.app */,
			);
			name = Products;
			sourceTree = "<group>";
		};
		1776152F2227F02B00387F9B /* XyloPhone Master */ = {
			isa = PBXGroup;
			children = (
				177615302227F02B00387F9B /* AppDelegate.swift */,
				177615322227F02B00387F9B /* XyloPhoneMasterViewController.swift */,
				177615342227F02B00387F9B /* Main.storyboard */,
				177615372227F02F00387F9B /* Assets.xcassets */,
				177615392227F02F00387F9B /* LaunchScreen.storyboard */,
				1776153C2227F02F00387F9B /* Info.plist */,
			);
			path = "XyloPhone Master";
			sourceTree = "<group>";
		};
		177615422227F0D600387F9B /* Sound Files */ = {
			isa = PBXGroup;
			children = (
				177615492227F0FE00387F9B /* note1.wav */,
				177615442227F0FE00387F9B /* note2.wav */,
				177615452227F0FE00387F9B /* note3.wav */,
				177615432227F0FE00387F9B /* note4.wav */,
				177615472227F0FE00387F9B /* note5.wav */,
				177615482227F0FE00387F9B /* note6.wav */,
				177615462227F0FE00387F9B /* note7.wav */,
			);
			path = "Sound Files";
			sourceTree = "<group>";
		};
/* End PBXGroup section */

/* Begin PBXNativeTarget section */
		1776152C2227F02B00387F9B /* XyloPhone Master */ = {
			isa = PBXNativeTarget;
			buildConfigurationList = 1776153F2227F02F00387F9B /* Build configuration list for PBXNativeTarget "XyloPhone Master" */;
			buildPhases = (
				177615292227F02B00387F9B /* Sources */,
				1776152A2227F02B00387F9B /* Frameworks */,
				1776152B2227F02B00387F9B /* Resources */,
			);
			buildRules = (
			);
			dependencies = (
			);
			name = "XyloPhone Master";
			productName = "XyloPhone Master";
			productReference = 1776152D2227F02B00387F9B /* XyloPhone Master.app */;
			productType = "com.apple.product-type.application";
		};
/* End PBXNativeTarget section */

/* Begin PBXProject section */
		177615252227F02B00387F9B /* Project object */ = {
			isa = PBXProject;
			attributes = {
				LastSwiftUpdateCheck = 1010;
				LastUpgradeCheck = 1010;
				ORGANIZATIONNAME = Anand;
				TargetAttributes = {
					1776152C2227F02B00387F9B = {
						CreatedOnToolsVersion = 10.1;
					};
				};
			};
			buildConfigurationList = 177615282227F02B00387F9B /* Build configuration list for PBXProject "XyloPhone Master" */;
			compatibilityVersion = "Xcode 9.3";
			developmentRegion = en;
			hasScannedForEncodings = 0;
			knownRegions = (
				en,
				Base,
			);
			mainGroup = 177615242227F02B00387F9B;
			productRefGroup = 1776152E2227F02B00387F9B /* Products */;
			projectDirPath = "";
			projectRoot = "";
			targets = (
				1776152C2227F02B00387F9B /* XyloPhone Master */,
			);
		};
/* End PBXProject section */

/* Begin PBXResourcesBuildPhase section */
		1776152B2227F02B00387F9B /* Resources */ = {
			isa = PBXResourcesBuildPhase;
			buildActionMask = 2147483647;
			files = (
				1776154F2227F0FE00387F9B /* note6.wav in Resources */,
				1776154E2227F0FE00387F9B /* note5.wav in Resources */,
				1776154D2227F0FE00387F9B /* note7.wav in Resources */,
				1776154C2227F0FE00387F9B /* note3.wav in Resources */,
				1776153B2227F02F00387F9B /* LaunchScreen.storyboard in Resources */,
				1776154B2227F0FE00387F9B /* note2.wav in Resources */,
				177615382227F02F00387F9B /* Assets.xcassets in Resources */,
				177615362227F02B00387F9B /* Main.storyboard in Resources */,
				177615502227F0FE00387F9B /* note1.wav in Resources */,
				1776154A2227F0FE00387F9B /* note4.wav in Resources */,
			);
			runOnlyForDeploymentPostprocessing = 0;
		};
/* End PBXResourcesBuildPhase section */

/* Begin PBXSourcesBuildPhase section */
		177615292227F02B00387F9B /* Sources */ = {
			isa = PBXSourcesBuildPhase;
			buildActionMask = 2147483647;
			files = (
				177615332227F02B00387F9B /* XyloPhoneMasterViewController.swift in Sources */,
				177615312227F02B00387F9B /* AppDelegate.swift in Sources */,
			);
			runOnlyForDeploymentPostprocessing = 0;
		};
/* End PBXSourcesBuildPhase section */

/* Begin PBXVariantGroup section */
		177615342227F02B00387F9B /* Main.storyboard */ = {
			isa = PBXVariantGroup;
			children = (
				177615352227F02B00387F9B /* Base */,
			);
			name = Main.storyboard;
			sourceTree = "<group>";
		};
		177615392227F02F00387F9B /* LaunchScreen.storyboard */ = {
			isa = PBXVariantGroup;
			children = (
				1776153A2227F02F00387F9B /* Base */,
			);
			name = LaunchScreen.storyboard;
			sourceTree = "<group>";
		};
/* End PBXVariantGroup section */

/* Begin XCBuildConfiguration section */
		1776153D2227F02F00387F9B /* Debug */ = {
			isa = XCBuildConfiguration;
			buildSettings = {
				ALWAYS_SEARCH_USER_PATHS = NO;
				CLANG_ANALYZER_NONNULL = YES;
				CLANG_ANALYZER_NUMBER_OBJECT_CONVERSION = YES_AGGRESSIVE;
				CLANG_CXX_LANGUAGE_STANDARD = "gnu++14";
				CLANG_CXX_LIBRARY = "libc++";
				CLANG_ENABLE_MODULES = YES;
				CLANG_ENABLE_OBJC_ARC = YES;
				CLANG_ENABLE_OBJC_WEAK = YES;
				CLANG_WARN_BLOCK_CAPTURE_AUTORELEASING = YES;
				CLANG_WARN_BOOL_CONVERSION = YES;
				CLANG_WARN_COMMA = YES;
				CLANG_WARN_CONSTANT_CONVERSION = YES;
				CLANG_WARN_DEPRECATED_OBJC_IMPLEMENTATIONS = YES;
				CLANG_WARN_DIRECT_OBJC_ISA_USAGE = YES_ERROR;
				CLANG_WARN_DOCUMENTATION_COMMENTS = YES;
				CLANG_WARN_EMPTY_BODY = YES;
				CLANG_WARN_ENUM_CONVERSION = YES;
				CLANG_WARN_INFINITE_RECURSION = YES;
				CLANG_WARN_INT_CONVERSION = YES;
				CLANG_WARN_NON_LITERAL_NULL_CONVERSION = YES;
				CLANG_WARN_OBJC_IMPLICIT_RETAIN_SELF = YES;
				CLANG_WARN_OBJC_LITERAL_CONVERSION = YES;
				CLANG_WARN_OBJC_ROOT_CLASS = YES_ERROR;
				CLANG_WARN_RANGE_LOOP_ANALYSIS = YES;
				CLANG_WARN_STRICT_PROTOTYPES = YES;
				CLANG_WARN_SUSPICIOUS_MOVE = YES;
				CLANG_WARN_UNGUARDED_AVAILABILITY = YES_AGGRESSIVE;
				CLANG_WARN_UNREACHABLE_CODE = YES;
				CLANG_WARN__DUPLICATE_METHOD_MATCH = YES;
				CODE_SIGN_IDENTITY = "iPhone Developer";
				COPY_PHASE_STRIP = NO;
				DEBUG_INFORMATION_FORMAT = dwarf;
				ENABLE_STRICT_OBJC_MSGSEND = YES;
				ENABLE_TESTABILITY = YES;
				GCC_C_LANGUAGE_STANDARD = gnu11;
				GCC_DYNAMIC_NO_PIC = NO;
				GCC_NO_COMMON_BLOCKS = YES;
				GCC_OPTIMIZATION_LEVEL = 0;
				GCC_PREPROCESSOR_DEFINITIONS = (
					"DEBUG=1",
					"$(inherited)",
				);
				GCC_WARN_64_TO_32_BIT_CONVERSION = YES;
				GCC_WARN_ABOUT_RETURN_TYPE = YES_ERROR;
				GCC_WARN_UNDECLARED_SELECTOR = YES;
				GCC_WARN_UNINITIALIZED_AUTOS = YES_AGGRESSIVE;
				GCC_WARN_UNUSED_FUNCTION = YES;
				GCC_WARN_UNUSED_VARIABLE = YES;
				IPHONEOS_DEPLOYMENT_TARGET = 12.1;
				MTL_ENABLE_DEBUG_INFO = INCLUDE_SOURCE;
				MTL_FAST_MATH = YES;
				ONLY_ACTIVE_ARCH = YES;
				SDKROOT = iphoneos;
				SWIFT_ACTIVE_COMPILATION_CONDITIONS = DEBUG;
				SWIFT_OPTIMIZATION_LEVEL = "-Onone";
			};
			name = Debug;
		};
		1776153E2227F02F00387F9B /* Release */ = {
			isa = XCBuildConfiguration;
			buildSettings = {
				ALWAYS_SEARCH_USER_PATHS = NO;
				CLANG_ANALYZER_NONNULL = YES;
				CLANG_ANALYZER_NUMBER_OBJECT_CONVERSION = YES_AGGRESSIVE;
				CLANG_CXX_LANGUAGE_STANDARD = "gnu++14";
				CLANG_CXX_LIBRARY = "libc++";
				CLANG_ENABLE_MODULES = YES;
				CLANG_ENABLE_OBJC_ARC = YES;
				CLANG_ENABLE_OBJC_WEAK = YES;
				CLANG_WARN_BLOCK_CAPTURE_AUTORELEASING = YES;
				CLANG_WARN_BOOL_CONVERSION = YES;
				CLANG_WARN_COMMA = YES;
				CLANG_WARN_CONSTANT_CONVERSION = YES;
				CLANG_WARN_DEPRECATED_OBJC_IMPLEMENTATIONS = YES;
				CLANG_WARN_DIRECT_OBJC_ISA_USAGE = YES_ERROR;
				CLANG_WARN_DOCUMENTATION_COMMENTS = YES;
				CLANG_WARN_EMPTY_BODY = YES;
				CLANG_WARN_ENUM_CONVERSION = YES;
				CLANG_WARN_INFINITE_RECURSION = YES;
				CLANG_WARN_INT_CONVERSION = YES;
				CLANG_WARN_NON_LITERAL_NULL_CONVERSION = YES;
				CLANG_WARN_OBJC_IMPLICIT_RETAIN_SELF = YES;
				CLANG_WARN_OBJC_LITERAL_CONVERSION = YES;
				CLANG_WARN_OBJC_ROOT_CLASS = YES_ERROR;
				CLANG_WARN_RANGE_LOOP_ANALYSIS = YES;
				CLANG_WARN_STRICT_PROTOTYPES = YES;
				CLANG_WARN_SUSPICIOUS_MOVE = YES;
				CLANG_WARN_UNGUARDED_AVAILABILITY = YES_AGGRESSIVE;
				CLANG_WARN_UNREACHABLE_CODE = YES;
				CLANG_WARN__DUPLICATE_METHOD_MATCH = YES;
				CODE_SIGN_IDENTITY = "iPhone Developer";
				COPY_PHASE_STRIP = NO;
				DEBUG_INFORMATION_FORMAT = "dwarf-with-dsym";
				ENABLE_NS_ASSERTIONS = NO;
				ENABLE_STRICT_OBJC_MSGSEND = YES;
				GCC_C_LANGUAGE_STANDARD = gnu11;
				GCC_NO_COMMON_BLOCKS = YES;
				GCC_WARN_64_TO_32_BIT_CONVERSION = YES;
				GCC_WARN_ABOUT_RETURN_TYPE = YES_ERROR;
				GCC_WARN_UNDECLARED_SELECTOR = YES;
				GCC_WARN_UNINITIALIZED_AUTOS = YES_AGGRESSIVE;
				GCC_WARN_UNUSED_FUNCTION = YES;
				GCC_WARN_UNUSED_VARIABLE = YES;
				IPHONEOS_DEPLOYMENT_TARGET = 12.1;
				MTL_ENABLE_DEBUG_INFO = NO;
				MTL_FAST_MATH = YES;
				SDKROOT = iphoneos;
				SWIFT_COMPILATION_MODE = wholemodule;
				SWIFT_OPTIMIZATION_LEVEL = "-O";
				VALIDATE_PRODUCT = YES;
			};
			name = Release;
		};
		177615402227F02F00387F9B /* Debug */ = {
			isa = XCBuildConfiguration;
			buildSettings = {
				ASSETCATALOG_COMPILER_APPICON_NAME = AppIcon;
				CODE_SIGN_STYLE = Manual;
				DEVELOPMENT_TEAM = "";
				INFOPLIST_FILE = "XyloPhone Master/Info.plist";
				LD_RUNPATH_SEARCH_PATHS = (
					"$(inherited)",
					"@executable_path/Frameworks",
				);
				PRODUCT_BUNDLE_IDENTIFIER = "com.RK.Project.XyloPhone-Master";
				PRODUCT_NAME = "$(TARGET_NAME)";
				PROVISIONING_PROFILE_SPECIFIER = "";
				SWIFT_VERSION = 4.2;
				TARGETED_DEVICE_FAMILY = "1,2";
			};
			name = Debug;
		};
		177615412227F02F00387F9B /* Release */ = {
			isa = XCBuildConfiguration;
			buildSettings = {
				ASSETCATALOG_COMPILER_APPICON_NAME = AppIcon;
				CODE_SIGN_STYLE = Manual;
				DEVELOPMENT_TEAM = "";
				INFOPLIST_FILE = "XyloPhone Master/Info.plist";
				LD_RUNPATH_SEARCH_PATHS = (
					"$(inherited)",
					"@executable_path/Frameworks",
				);
				PRODUCT_BUNDLE_IDENTIFIER = "com.RK.Project.XyloPhone-Master";
				PRODUCT_NAME = "$(TARGET_NAME)";
				PROVISIONING_PROFILE_SPECIFIER = "";
				SWIFT_VERSION = 4.2;
				TARGETED_DEVICE_FAMILY = "1,2";
			};
			name = Release;
		};
/* End XCBuildConfiguration section */

/* Begin XCConfigurationList section */
		177615282227F02B00387F9B /* Build configuration list for PBXProject "XyloPhone Master" */ = {
			isa = XCConfigurationList;
			buildConfigurations = (
				1776153D2227F02F00387F9B /* Debug */,
				1776153E2227F02F00387F9B /* Release */,
			);
			defaultConfigurationIsVisible = 0;
			defaultConfigurationName = Release;
		};
		1776153F2227F02F00387F9B /* Build configuration list for PBXNativeTarget "XyloPhone Master" */ = {
			isa = XCConfigurationList;
			buildConfigurations = (
				177615402227F02F00387F9B /* Debug */,
				177615412227F02F00387F9B /* Release */,
			);
			defaultConfigurationIsVisible = 0;
			defaultConfigurationName = Release;
		};
/* End XCConfigurationList section */
	};
	rootObject = 177615252227F02B00387F9B /* Project object */;
}
